
Microsoft Visual Studio Solution File, Format Version 12.00
# Visual Studio Version 16
VisualStudioVersion = 16.0.30804.86
MinimumVisualStudioVersion = 10.0.40219.1
Project("{FAE04EC0-301F-11D3-BF4B-00C04F79EFBC}") = "AM.API", "AM.API.csproj", "{AA9F5551-7A0B-43E3-97EC-9DD7E7B7670B}"
EndProject
Global
	GlobalSection(SolutionConfigurationPlatforms) = preSolution
		Debug|Any CPU = Debug|Any CPU
		Release|Any CPU = Release|Any CPU
	EndGlobalSection
	GlobalSection(ProjectConfigurationPlatforms) = postSolution
		{AA9F5551-7A0B-43E3-97EC-9DD7E7B7670B}.Debug|Any CPU.ActiveCfg = Debug|Any CPU
		{AA9F5551-7A0B-43E3-97EC-9DD7E7B7670B}.Debug|Any CPU.Build.0 = Debug|Any CPU
		{AA9F5551-7A0B-43E3-97EC-9DD7E7B7670B}.Release|Any CPU.ActiveCfg = Release|Any CPU
		{AA9F5551-7A0B-43E3-97EC-9DD7E7B7670B}.Release|Any CPU.Build.0 = Release|Any CPU
	EndGlobalSection
	GlobalSection(SolutionProperties) = preSolution
		HideSolutionNode = FALSE
	EndGlobalSection
	GlobalSection(ExtensibilityGlobals) = postSolution
		SolutionGuid = {D3546F04-73A5-479A-9AF1-A5DC678048B4}
	EndGlobalSection
EndGlobal
